
Microsoft Visual Studio Solution File, Format Version 12.00
Project("{2150E333-8FDC-42A3-9474-1A3956D46DE8}") = "src", "src", "{0AAEBAE5-BBC5-4B1F-A6A0-F2C7FBBC17F2}"
EndProject
Project("{2150E333-8FDC-42A3-9474-1A3956D46DE8}") = "testing", "testing", "{6EE1364E-6FDC-48D7-88F3-8BD85AC53E53}"
EndProject
Project("{FAE04EC0-301F-11D3-BF4B-00C04F79EFBC}") = "Domain", "Domain\Domain.csproj", "{AAD7F60A-AC76-41BE-ACB0-39A8634FE908}"
EndProject
Project("{FAE04EC0-301F-11D3-BF4B-00C04F79EFBC}") = "PO.Test", "PO.Test\PO.Test.csproj", "{21B85BD1-A27B-4341-85B4-2A632A658C8C}"
EndProject
Project("{FAE04EC0-301F-11D3-BF4B-00C04F79EFBC}") = "Application", "Application\Application.csproj", "{51C21E7C-B278-4475-9DA2-7991552166A4}"
EndProject
Project("{FAE04EC0-301F-11D3-BF4B-00C04F79EFBC}") = "Infrastructure", "Infrastructure\Infrastructure.csproj", "{27B1A340-2A33-4AE6-B675-E8E684DD0623}"
EndProject
Project("{FAE04EC0-301F-11D3-BF4B-00C04F79EFBC}") = "PurchaseOrder.WebAPI", "PurchaseOrder.WebAPI\PurchaseOrder.WebAPI.csproj", "{598BC49E-6754-4672-99F8-E7A485E6E41A}"
EndProject
Project("{2150E333-8FDC-42A3-9474-1A3956D46DE8}") = "Solution Items", "Solution Items", "{BE788EAA-FE39-4E9E-A4EC-0719D4C4F51E}"
	ProjectSection(SolutionItems) = preProject
		compose.yaml = compose.yaml
	EndProjectSection
EndProject
Project("{2150E333-8FDC-42A3-9474-1A3956D46DE8}") = "Docs", "Docs", "{9F0802D9-D9DF-4694-9830-FCA58C447274}"
EndProject
Project("{FAE04EC0-301F-11D3-BF4B-00C04F79EFBC}") = "Common", "Common\Common.csproj", "{EE228370-2B09-45AF-86F5-415845D50886}"
EndProject
Global
	GlobalSection(SolutionConfigurationPlatforms) = preSolution
		Debug|Any CPU = Debug|Any CPU
		Release|Any CPU = Release|Any CPU
	EndGlobalSection
	GlobalSection(NestedProjects) = preSolution
		{AAD7F60A-AC76-41BE-ACB0-39A8634FE908} = {0AAEBAE5-BBC5-4B1F-A6A0-F2C7FBBC17F2}
		{21B85BD1-A27B-4341-85B4-2A632A658C8C} = {6EE1364E-6FDC-48D7-88F3-8BD85AC53E53}
		{51C21E7C-B278-4475-9DA2-7991552166A4} = {0AAEBAE5-BBC5-4B1F-A6A0-F2C7FBBC17F2}
		{27B1A340-2A33-4AE6-B675-E8E684DD0623} = {0AAEBAE5-BBC5-4B1F-A6A0-F2C7FBBC17F2}
		{598BC49E-6754-4672-99F8-E7A485E6E41A} = {0AAEBAE5-BBC5-4B1F-A6A0-F2C7FBBC17F2}
		{EE228370-2B09-45AF-86F5-415845D50886} = {0AAEBAE5-BBC5-4B1F-A6A0-F2C7FBBC17F2}
	EndGlobalSection
	GlobalSection(ProjectConfigurationPlatforms) = postSolution
		{AAD7F60A-AC76-41BE-ACB0-39A8634FE908}.Debug|Any CPU.ActiveCfg = Debug|Any CPU
		{AAD7F60A-AC76-41BE-ACB0-39A8634FE908}.Debug|Any CPU.Build.0 = Debug|Any CPU
		{AAD7F60A-AC76-41BE-ACB0-39A8634FE908}.Release|Any CPU.ActiveCfg = Release|Any CPU
		{AAD7F60A-AC76-41BE-ACB0-39A8634FE908}.Release|Any CPU.Build.0 = Release|Any CPU
		{21B85BD1-A27B-4341-85B4-2A632A658C8C}.Debug|Any CPU.ActiveCfg = Debug|Any CPU
		{21B85BD1-A27B-4341-85B4-2A632A658C8C}.Debug|Any CPU.Build.0 = Debug|Any CPU
		{21B85BD1-A27B-4341-85B4-2A632A658C8C}.Release|Any CPU.ActiveCfg = Release|Any CPU
		{21B85BD1-A27B-4341-85B4-2A632A658C8C}.Release|Any CPU.Build.0 = Release|Any CPU
		{51C21E7C-B278-4475-9DA2-7991552166A4}.Debug|Any CPU.ActiveCfg = Debug|Any CPU
		{51C21E7C-B278-4475-9DA2-7991552166A4}.Debug|Any CPU.Build.0 = Debug|Any CPU
		{51C21E7C-B278-4475-9DA2-7991552166A4}.Release|Any CPU.ActiveCfg = Release|Any CPU
		{51C21E7C-B278-4475-9DA2-7991552166A4}.Release|Any CPU.Build.0 = Release|Any CPU
		{27B1A340-2A33-4AE6-B675-E8E684DD0623}.Debug|Any CPU.ActiveCfg = Debug|Any CPU
		{27B1A340-2A33-4AE6-B675-E8E684DD0623}.Debug|Any CPU.Build.0 = Debug|Any CPU
		{27B1A340-2A33-4AE6-B675-E8E684DD0623}.Release|Any CPU.ActiveCfg = Release|Any CPU
		{27B1A340-2A33-4AE6-B675-E8E684DD0623}.Release|Any CPU.Build.0 = Release|Any CPU
		{598BC49E-6754-4672-99F8-E7A485E6E41A}.Debug|Any CPU.ActiveCfg = Debug|Any CPU
		{598BC49E-6754-4672-99F8-E7A485E6E41A}.Debug|Any CPU.Build.0 = Debug|Any CPU
		{598BC49E-6754-4672-99F8-E7A485E6E41A}.Release|Any CPU.ActiveCfg = Release|Any CPU
		{598BC49E-6754-4672-99F8-E7A485E6E41A}.Release|Any CPU.Build.0 = Release|Any CPU
		{EE228370-2B09-45AF-86F5-415845D50886}.Debug|Any CPU.ActiveCfg = Debug|Any CPU
		{EE228370-2B09-45AF-86F5-415845D50886}.Debug|Any CPU.Build.0 = Debug|Any CPU
		{EE228370-2B09-45AF-86F5-415845D50886}.Release|Any CPU.ActiveCfg = Release|Any CPU
		{EE228370-2B09-45AF-86F5-415845D50886}.Release|Any CPU.Build.0 = Release|Any CPU
	EndGlobalSection
EndGlobal
